
Microsoft Visual Studio Solution File, Format Version 12.00
# Visual Studio 14
VisualStudioVersion = 14.0.25420.1
MinimumVisualStudioVersion = 10.0.40219.1
Project("{FAE04EC0-301F-11D3-BF4B-00C04F79EFBC}") = "TimerMain", "TimerMain\TimerMain.csproj", "{78CA66A0-C333-403F-B8DC-EB221D26AB63}"
	ProjectSection(ProjectDependencies) = postProject
		{93D02FCB-966B-431B-89E3-BC5640E1B758} = {93D02FCB-966B-431B-89E3-BC5640E1B758}
	EndProjectSection
EndProject
Project("{FAE04EC0-301F-11D3-BF4B-00C04F79EFBC}") = "TimerObjects", "TimerObjects\TimerObjects.csproj", "{93D02FCB-966B-431B-89E3-BC5640E1B758}"
EndProject
Project("{9092AA53-FB77-4645-B42D-1CCCA6BD08BD}") = "Randy", "Randy\Randy.njsproj", "{E97E26CF-C5B0-43F5-8B12-3CBAEFE2DCBF}"
EndProject
Project("{9092AA53-FB77-4645-B42D-1CCCA6BD08BD}") = "RaceResultServer", "RaceResultServer\RaceResultServer.njsproj", "{A59A2E3E-0CDB-4946-88DB-33E0512F14C6}"
EndProject
Project("{9092AA53-FB77-4645-B42D-1CCCA6BD08BD}") = "UWPResultsServer", "UWPResultsServer\UWPResultsServer.njsproj", "{3DEE7A79-B7FA-460A-8A85-B0AC19FE103D}"
EndProject
Global
	GlobalSection(SolutionConfigurationPlatforms) = preSolution
		Debug|Any CPU = Debug|Any CPU
		Debug|ARM = Debug|ARM
		Debug|x64 = Debug|x64
		Debug|x86 = Debug|x86
		Release|Any CPU = Release|Any CPU
		Release|ARM = Release|ARM
		Release|x64 = Release|x64
		Release|x86 = Release|x86
	EndGlobalSection
	GlobalSection(ProjectConfigurationPlatforms) = postSolution
		{78CA66A0-C333-403F-B8DC-EB221D26AB63}.Debug|Any CPU.ActiveCfg = Debug|ARM
		{78CA66A0-C333-403F-B8DC-EB221D26AB63}.Debug|Any CPU.Build.0 = Debug|ARM
		{78CA66A0-C333-403F-B8DC-EB221D26AB63}.Debug|Any CPU.Deploy.0 = Debug|ARM
		{78CA66A0-C333-403F-B8DC-EB221D26AB63}.Debug|ARM.ActiveCfg = Debug|ARM
		{78CA66A0-C333-403F-B8DC-EB221D26AB63}.Debug|ARM.Build.0 = Debug|ARM
		{78CA66A0-C333-403F-B8DC-EB221D26AB63}.Debug|ARM.Deploy.0 = Debug|ARM
		{78CA66A0-C333-403F-B8DC-EB221D26AB63}.Debug|x64.ActiveCfg = Debug|x64
		{78CA66A0-C333-403F-B8DC-EB221D26AB63}.Debug|x64.Build.0 = Debug|x64
		{78CA66A0-C333-403F-B8DC-EB221D26AB63}.Debug|x64.Deploy.0 = Debug|x64
		{78CA66A0-C333-403F-B8DC-EB221D26AB63}.Debug|x86.ActiveCfg = Debug|x86
		{78CA66A0-C333-403F-B8DC-EB221D26AB63}.Debug|x86.Build.0 = Debug|x86
		{78CA66A0-C333-403F-B8DC-EB221D26AB63}.Debug|x86.Deploy.0 = Debug|x86
		{78CA66A0-C333-403F-B8DC-EB221D26AB63}.Release|Any CPU.ActiveCfg = Release|x86
		{78CA66A0-C333-403F-B8DC-EB221D26AB63}.Release|ARM.ActiveCfg = Release|ARM
		{78CA66A0-C333-403F-B8DC-EB221D26AB63}.Release|ARM.Build.0 = Release|ARM
		{78CA66A0-C333-403F-B8DC-EB221D26AB63}.Release|ARM.Deploy.0 = Release|ARM
		{78CA66A0-C333-403F-B8DC-EB221D26AB63}.Release|x64.ActiveCfg = Release|x64
		{78CA66A0-C333-403F-B8DC-EB221D26AB63}.Release|x64.Build.0 = Release|x64
		{78CA66A0-C333-403F-B8DC-EB221D26AB63}.Release|x64.Deploy.0 = Release|x64
		{78CA66A0-C333-403F-B8DC-EB221D26AB63}.Release|x86.ActiveCfg = Release|x86
		{78CA66A0-C333-403F-B8DC-EB221D26AB63}.Release|x86.Build.0 = Release|x86
		{78CA66A0-C333-403F-B8DC-EB221D26AB63}.Release|x86.Deploy.0 = Release|x86
		{93D02FCB-966B-431B-89E3-BC5640E1B758}.Debug|Any CPU.ActiveCfg = Debug|ARM
		{93D02FCB-966B-431B-89E3-BC5640E1B758}.Debug|Any CPU.Build.0 = Debug|ARM
		{93D02FCB-966B-431B-89E3-BC5640E1B758}.Debug|Any CPU.Deploy.0 = Debug|ARM
		{93D02FCB-966B-431B-89E3-BC5640E1B758}.Debug|ARM.ActiveCfg = Debug|ARM
		{93D02FCB-966B-431B-89E3-BC5640E1B758}.Debug|ARM.Build.0 = Debug|ARM
		{93D02FCB-966B-431B-89E3-BC5640E1B758}.Debug|x64.ActiveCfg = Debug|x64
		{93D02FCB-966B-431B-89E3-BC5640E1B758}.Debug|x64.Build.0 = Debug|x64
		{93D02FCB-966B-431B-89E3-BC5640E1B758}.Debug|x86.ActiveCfg = Debug|x86
		{93D02FCB-966B-431B-89E3-BC5640E1B758}.Debug|x86.Build.0 = Debug|x86
		{93D02FCB-966B-431B-89E3-BC5640E1B758}.Release|Any CPU.ActiveCfg = Release|Any CPU
		{93D02FCB-966B-431B-89E3-BC5640E1B758}.Release|Any CPU.Build.0 = Release|Any CPU
		{93D02FCB-966B-431B-89E3-BC5640E1B758}.Release|ARM.ActiveCfg = Release|ARM
		{93D02FCB-966B-431B-89E3-BC5640E1B758}.Release|ARM.Build.0 = Release|ARM
		{93D02FCB-966B-431B-89E3-BC5640E1B758}.Release|x64.ActiveCfg = Release|x64
		{93D02FCB-966B-431B-89E3-BC5640E1B758}.Release|x64.Build.0 = Release|x64
		{93D02FCB-966B-431B-89E3-BC5640E1B758}.Release|x86.ActiveCfg = Release|x86
		{93D02FCB-966B-431B-89E3-BC5640E1B758}.Release|x86.Build.0 = Release|x86
		{E97E26CF-C5B0-43F5-8B12-3CBAEFE2DCBF}.Debug|Any CPU.ActiveCfg = Debug|Any CPU
		{E97E26CF-C5B0-43F5-8B12-3CBAEFE2DCBF}.Debug|Any CPU.Build.0 = Debug|Any CPU
		{E97E26CF-C5B0-43F5-8B12-3CBAEFE2DCBF}.Debug|ARM.ActiveCfg = Debug|Any CPU
		{E97E26CF-C5B0-43F5-8B12-3CBAEFE2DCBF}.Debug|ARM.Build.0 = Debug|Any CPU
		{E97E26CF-C5B0-43F5-8B12-3CBAEFE2DCBF}.Debug|x64.ActiveCfg = Debug|Any CPU
		{E97E26CF-C5B0-43F5-8B12-3CBAEFE2DCBF}.Debug|x64.Build.0 = Debug|Any CPU
		{E97E26CF-C5B0-43F5-8B12-3CBAEFE2DCBF}.Debug|x86.ActiveCfg = Debug|Any CPU
		{E97E26CF-C5B0-43F5-8B12-3CBAEFE2DCBF}.Debug|x86.Build.0 = Debug|Any CPU
		{E97E26CF-C5B0-43F5-8B12-3CBAEFE2DCBF}.Release|Any CPU.ActiveCfg = Release|Any CPU
		{E97E26CF-C5B0-43F5-8B12-3CBAEFE2DCBF}.Release|Any CPU.Build.0 = Release|Any CPU
		{E97E26CF-C5B0-43F5-8B12-3CBAEFE2DCBF}.Release|ARM.ActiveCfg = Release|Any CPU
		{E97E26CF-C5B0-43F5-8B12-3CBAEFE2DCBF}.Release|ARM.Build.0 = Release|Any CPU
		{E97E26CF-C5B0-43F5-8B12-3CBAEFE2DCBF}.Release|x64.ActiveCfg = Release|Any CPU
		{E97E26CF-C5B0-43F5-8B12-3CBAEFE2DCBF}.Release|x64.Build.0 = Release|Any CPU
		{E97E26CF-C5B0-43F5-8B12-3CBAEFE2DCBF}.Release|x86.ActiveCfg = Release|Any CPU
		{E97E26CF-C5B0-43F5-8B12-3CBAEFE2DCBF}.Release|x86.Build.0 = Release|Any CPU
		{A59A2E3E-0CDB-4946-88DB-33E0512F14C6}.Debug|Any CPU.ActiveCfg = Debug|Any CPU
		{A59A2E3E-0CDB-4946-88DB-33E0512F14C6}.Debug|Any CPU.Build.0 = Debug|Any CPU
		{A59A2E3E-0CDB-4946-88DB-33E0512F14C6}.Debug|ARM.ActiveCfg = Debug|Any CPU
		{A59A2E3E-0CDB-4946-88DB-33E0512F14C6}.Debug|ARM.Build.0 = Debug|Any CPU
		{A59A2E3E-0CDB-4946-88DB-33E0512F14C6}.Debug|x64.ActiveCfg = Debug|Any CPU
		{A59A2E3E-0CDB-4946-88DB-33E0512F14C6}.Debug|x64.Build.0 = Debug|Any CPU
		{A59A2E3E-0CDB-4946-88DB-33E0512F14C6}.Debug|x86.ActiveCfg = Debug|Any CPU
		{A59A2E3E-0CDB-4946-88DB-33E0512F14C6}.Debug|x86.Build.0 = Debug|Any CPU
		{A59A2E3E-0CDB-4946-88DB-33E0512F14C6}.Release|Any CPU.ActiveCfg = Release|Any CPU
		{A59A2E3E-0CDB-4946-88DB-33E0512F14C6}.Release|Any CPU.Build.0 = Release|Any CPU
		{A59A2E3E-0CDB-4946-88DB-33E0512F14C6}.Release|ARM.ActiveCfg = Release|Any CPU
		{A59A2E3E-0CDB-4946-88DB-33E0512F14C6}.Release|ARM.Build.0 = Release|Any CPU
		{A59A2E3E-0CDB-4946-88DB-33E0512F14C6}.Release|x64.ActiveCfg = Release|Any CPU
		{A59A2E3E-0CDB-4946-88DB-33E0512F14C6}.Release|x64.Build.0 = Release|Any CPU
		{A59A2E3E-0CDB-4946-88DB-33E0512F14C6}.Release|x86.ActiveCfg = Release|Any CPU
		{A59A2E3E-0CDB-4946-88DB-33E0512F14C6}.Release|x86.Build.0 = Release|Any CPU
		{3DEE7A79-B7FA-460A-8A85-B0AC19FE103D}.Debug|Any CPU.ActiveCfg = Debug|x86
		{3DEE7A79-B7FA-460A-8A85-B0AC19FE103D}.Debug|ARM.ActiveCfg = Debug|ARM
		{3DEE7A79-B7FA-460A-8A85-B0AC19FE103D}.Debug|ARM.Build.0 = Debug|ARM
		{3DEE7A79-B7FA-460A-8A85-B0AC19FE103D}.Debug|ARM.Deploy.0 = Debug|ARM
		{3DEE7A79-B7FA-460A-8A85-B0AC19FE103D}.Debug|x64.ActiveCfg = Debug|x64
		{3DEE7A79-B7FA-460A-8A85-B0AC19FE103D}.Debug|x64.Build.0 = Debug|x64
		{3DEE7A79-B7FA-460A-8A85-B0AC19FE103D}.Debug|x64.Deploy.0 = Debug|x64
		{3DEE7A79-B7FA-460A-8A85-B0AC19FE103D}.Debug|x86.ActiveCfg = Debug|x86
		{3DEE7A79-B7FA-460A-8A85-B0AC19FE103D}.Debug|x86.Build.0 = Debug|x86
		{3DEE7A79-B7FA-460A-8A85-B0AC19FE103D}.Debug|x86.Deploy.0 = Debug|x86
		{3DEE7A79-B7FA-460A-8A85-B0AC19FE103D}.Release|Any CPU.ActiveCfg = Release|x86
		{3DEE7A79-B7FA-460A-8A85-B0AC19FE103D}.Release|ARM.ActiveCfg = Release|ARM
		{3DEE7A79-B7FA-460A-8A85-B0AC19FE103D}.Release|ARM.Build.0 = Release|ARM
		{3DEE7A79-B7FA-460A-8A85-B0AC19FE103D}.Release|ARM.Deploy.0 = Release|ARM
		{3DEE7A79-B7FA-460A-8A85-B0AC19FE103D}.Release|x64.ActiveCfg = Release|x64
		{3DEE7A79-B7FA-460A-8A85-B0AC19FE103D}.Release|x64.Build.0 = Release|x64
		{3DEE7A79-B7FA-460A-8A85-B0AC19FE103D}.Release|x64.Deploy.0 = Release|x64
		{3DEE7A79-B7FA-460A-8A85-B0AC19FE103D}.Release|x86.ActiveCfg = Release|x86
		{3DEE7A79-B7FA-460A-8A85-B0AC19FE103D}.Release|x86.Build.0 = Release|x86
		{3DEE7A79-B7FA-460A-8A85-B0AC19FE103D}.Release|x86.Deploy.0 = Release|x86
	EndGlobalSection
	GlobalSection(SolutionProperties) = preSolution
		HideSolutionNode = FALSE
	EndGlobalSection
EndGlobal
